
Microsoft Visual Studio Solution File, Format Version 12.00
# Visual Studio Version 16
VisualStudioVersion = 16.0.30413.136
MinimumVisualStudioVersion = 10.0.40219.1
Project("{9092AA53-FB77-4645-B42D-1CCCA6BD08BD}") = "TicTacToeGame", "TicTacToeGame\TicTacToeGame.njsproj", "{352B7E30-7B70-4506-92EA-99BED729AF63}"
EndProject
Global
	GlobalSection(SolutionConfigurationPlatforms) = preSolution
		Debug|Any CPU = Debug|Any CPU
		Release|Any CPU = Release|Any CPU
	EndGlobalSection
	GlobalSection(ProjectConfigurationPlatforms) = postSolution
		{352B7E30-7B70-4506-92EA-99BED729AF63}.Debug|Any CPU.ActiveCfg = Debug|Any CPU
		{352B7E30-7B70-4506-92EA-99BED729AF63}.Debug|Any CPU.Build.0 = Debug|Any CPU
		{352B7E30-7B70-4506-92EA-99BED729AF63}.Release|Any CPU.ActiveCfg = Release|Any CPU
		{352B7E30-7B70-4506-92EA-99BED729AF63}.Release|Any CPU.Build.0 = Release|Any CPU
	EndGlobalSection
	GlobalSection(SolutionProperties) = preSolution
		HideSolutionNode = FALSE
	EndGlobalSection
	GlobalSection(ExtensibilityGlobals) = postSolution
		SolutionGuid = {AC6305A7-5CB4-4C05-B579-E1997631D67F}
	EndGlobalSection
EndGlobal
